{
    "name": "example-typescript",
    "version": "0.0.0",
    "lockfileVersion": 1,
    "dependencies": {
        "@types/node": {
            "version": "8.0.2",
            "resolved": "https://registry.npmjs.org/@types/node/-/node-8.0.2.tgz",
            "integrity": "sha512-1uANgw7TMKnSSO0jffiFnrcMsKVqK3n1IHiSwSgptsRzgLfTCu0QdxZPofyYKVA2U0vH4OmullQ2IiU/XhFp5w=="
        }
    }
}
